
Microsoft Visual Studio Solution File, Format Version 12.00
# Visual Studio 15
VisualStudioVersion = 15.0.26124.0
MinimumVisualStudioVersion = 15.0.26124.0
Project("{FAE04EC0-301F-11D3-BF4B-00C04F79EFBC}") = "DataStructure", "DataStructure\DataStructure.csproj", "{51EC0046-6339-4011-91D4-7885BC6F2FAF}"
EndProject
Project("{FAE04EC0-301F-11D3-BF4B-00C04F79EFBC}") = "Algorithms", "Algorithms\Algorithms.csproj", "{2BB88702-53E4-420A-B256-CE25F255FAB6}"
EndProject
Project("{FAE04EC0-301F-11D3-BF4B-00C04F79EFBC}") = "Algorithms.Tests", "Algorithms.Tests\Algorithms.Tests.csproj", "{2E70702A-4A8C-485F-BD11-57EDB08C8C71}"
EndProject
Project("{FAE04EC0-301F-11D3-BF4B-00C04F79EFBC}") = "DataStructure.Tests", "DataStructure.Tests\DataStructure.Tests.csproj", "{1448D6C9-33BD-4A38-AF99-E10508E7A2A7}"
EndProject
Project("{FAE04EC0-301F-11D3-BF4B-00C04F79EFBC}") = "Problems.Tests", "Problems.Tests\Problems.Tests.csproj", "{69B28EFF-E043-4A87-8FB6-AB876219AE5E}"
EndProject
Project("{FAE04EC0-301F-11D3-BF4B-00C04F79EFBC}") = "Problems", "Problems\Problems.csproj", "{4C85137D-508B-42A8-B34B-E5B05B15F449}"
EndProject
Global
	GlobalSection(SolutionConfigurationPlatforms) = preSolution
		Debug|Any CPU = Debug|Any CPU
		Debug|x64 = Debug|x64
		Debug|x86 = Debug|x86
		Release|Any CPU = Release|Any CPU
		Release|x64 = Release|x64
		Release|x86 = Release|x86
	EndGlobalSection
	GlobalSection(SolutionProperties) = preSolution
		HideSolutionNode = FALSE
	EndGlobalSection
	GlobalSection(ProjectConfigurationPlatforms) = postSolution
		{51EC0046-6339-4011-91D4-7885BC6F2FAF}.Debug|Any CPU.ActiveCfg = Debug|Any CPU
		{51EC0046-6339-4011-91D4-7885BC6F2FAF}.Debug|Any CPU.Build.0 = Debug|Any CPU
		{51EC0046-6339-4011-91D4-7885BC6F2FAF}.Debug|x64.ActiveCfg = Debug|Any CPU
		{51EC0046-6339-4011-91D4-7885BC6F2FAF}.Debug|x64.Build.0 = Debug|Any CPU
		{51EC0046-6339-4011-91D4-7885BC6F2FAF}.Debug|x86.ActiveCfg = Debug|Any CPU
		{51EC0046-6339-4011-91D4-7885BC6F2FAF}.Debug|x86.Build.0 = Debug|Any CPU
		{51EC0046-6339-4011-91D4-7885BC6F2FAF}.Release|Any CPU.ActiveCfg = Release|Any CPU
		{51EC0046-6339-4011-91D4-7885BC6F2FAF}.Release|Any CPU.Build.0 = Release|Any CPU
		{51EC0046-6339-4011-91D4-7885BC6F2FAF}.Release|x64.ActiveCfg = Release|Any CPU
		{51EC0046-6339-4011-91D4-7885BC6F2FAF}.Release|x64.Build.0 = Release|Any CPU
		{51EC0046-6339-4011-91D4-7885BC6F2FAF}.Release|x86.ActiveCfg = Release|Any CPU
		{51EC0046-6339-4011-91D4-7885BC6F2FAF}.Release|x86.Build.0 = Release|Any CPU
		{2BB88702-53E4-420A-B256-CE25F255FAB6}.Debug|Any CPU.ActiveCfg = Debug|Any CPU
		{2BB88702-53E4-420A-B256-CE25F255FAB6}.Debug|Any CPU.Build.0 = Debug|Any CPU
		{2BB88702-53E4-420A-B256-CE25F255FAB6}.Debug|x64.ActiveCfg = Debug|Any CPU
		{2BB88702-53E4-420A-B256-CE25F255FAB6}.Debug|x64.Build.0 = Debug|Any CPU
		{2BB88702-53E4-420A-B256-CE25F255FAB6}.Debug|x86.ActiveCfg = Debug|Any CPU
		{2BB88702-53E4-420A-B256-CE25F255FAB6}.Debug|x86.Build.0 = Debug|Any CPU
		{2BB88702-53E4-420A-B256-CE25F255FAB6}.Release|Any CPU.ActiveCfg = Release|Any CPU
		{2BB88702-53E4-420A-B256-CE25F255FAB6}.Release|Any CPU.Build.0 = Release|Any CPU
		{2BB88702-53E4-420A-B256-CE25F255FAB6}.Release|x64.ActiveCfg = Release|Any CPU
		{2BB88702-53E4-420A-B256-CE25F255FAB6}.Release|x64.Build.0 = Release|Any CPU
		{2BB88702-53E4-420A-B256-CE25F255FAB6}.Release|x86.ActiveCfg = Release|Any CPU
		{2BB88702-53E4-420A-B256-CE25F255FAB6}.Release|x86.Build.0 = Release|Any CPU
		{2E70702A-4A8C-485F-BD11-57EDB08C8C71}.Debug|Any CPU.ActiveCfg = Debug|Any CPU
		{2E70702A-4A8C-485F-BD11-57EDB08C8C71}.Debug|Any CPU.Build.0 = Debug|Any CPU
		{2E70702A-4A8C-485F-BD11-57EDB08C8C71}.Debug|x64.ActiveCfg = Debug|Any CPU
		{2E70702A-4A8C-485F-BD11-57EDB08C8C71}.Debug|x64.Build.0 = Debug|Any CPU
		{2E70702A-4A8C-485F-BD11-57EDB08C8C71}.Debug|x86.ActiveCfg = Debug|Any CPU
		{2E70702A-4A8C-485F-BD11-57EDB08C8C71}.Debug|x86.Build.0 = Debug|Any CPU
		{2E70702A-4A8C-485F-BD11-57EDB08C8C71}.Release|Any CPU.ActiveCfg = Release|Any CPU
		{2E70702A-4A8C-485F-BD11-57EDB08C8C71}.Release|Any CPU.Build.0 = Release|Any CPU
		{2E70702A-4A8C-485F-BD11-57EDB08C8C71}.Release|x64.ActiveCfg = Release|Any CPU
		{2E70702A-4A8C-485F-BD11-57EDB08C8C71}.Release|x64.Build.0 = Release|Any CPU
		{2E70702A-4A8C-485F-BD11-57EDB08C8C71}.Release|x86.ActiveCfg = Release|Any CPU
		{2E70702A-4A8C-485F-BD11-57EDB08C8C71}.Release|x86.Build.0 = Release|Any CPU
		{1448D6C9-33BD-4A38-AF99-E10508E7A2A7}.Debug|Any CPU.ActiveCfg = Debug|Any CPU
		{1448D6C9-33BD-4A38-AF99-E10508E7A2A7}.Debug|Any CPU.Build.0 = Debug|Any CPU
		{1448D6C9-33BD-4A38-AF99-E10508E7A2A7}.Debug|x64.ActiveCfg = Debug|Any CPU
		{1448D6C9-33BD-4A38-AF99-E10508E7A2A7}.Debug|x64.Build.0 = Debug|Any CPU
		{1448D6C9-33BD-4A38-AF99-E10508E7A2A7}.Debug|x86.ActiveCfg = Debug|Any CPU
		{1448D6C9-33BD-4A38-AF99-E10508E7A2A7}.Debug|x86.Build.0 = Debug|Any CPU
		{1448D6C9-33BD-4A38-AF99-E10508E7A2A7}.Release|Any CPU.ActiveCfg = Release|Any CPU
		{1448D6C9-33BD-4A38-AF99-E10508E7A2A7}.Release|Any CPU.Build.0 = Release|Any CPU
		{1448D6C9-33BD-4A38-AF99-E10508E7A2A7}.Release|x64.ActiveCfg = Release|Any CPU
		{1448D6C9-33BD-4A38-AF99-E10508E7A2A7}.Release|x64.Build.0 = Release|Any CPU
		{1448D6C9-33BD-4A38-AF99-E10508E7A2A7}.Release|x86.ActiveCfg = Release|Any CPU
		{1448D6C9-33BD-4A38-AF99-E10508E7A2A7}.Release|x86.Build.0 = Release|Any CPU
		{69B28EFF-E043-4A87-8FB6-AB876219AE5E}.Debug|Any CPU.ActiveCfg = Debug|Any CPU
		{69B28EFF-E043-4A87-8FB6-AB876219AE5E}.Debug|Any CPU.Build.0 = Debug|Any CPU
		{69B28EFF-E043-4A87-8FB6-AB876219AE5E}.Debug|x64.ActiveCfg = Debug|Any CPU
		{69B28EFF-E043-4A87-8FB6-AB876219AE5E}.Debug|x64.Build.0 = Debug|Any CPU
		{69B28EFF-E043-4A87-8FB6-AB876219AE5E}.Debug|x86.ActiveCfg = Debug|Any CPU
		{69B28EFF-E043-4A87-8FB6-AB876219AE5E}.Debug|x86.Build.0 = Debug|Any CPU
		{69B28EFF-E043-4A87-8FB6-AB876219AE5E}.Release|Any CPU.ActiveCfg = Release|Any CPU
		{69B28EFF-E043-4A87-8FB6-AB876219AE5E}.Release|Any CPU.Build.0 = Release|Any CPU
		{69B28EFF-E043-4A87-8FB6-AB876219AE5E}.Release|x64.ActiveCfg = Release|Any CPU
		{69B28EFF-E043-4A87-8FB6-AB876219AE5E}.Release|x64.Build.0 = Release|Any CPU
		{69B28EFF-E043-4A87-8FB6-AB876219AE5E}.Release|x86.ActiveCfg = Release|Any CPU
		{69B28EFF-E043-4A87-8FB6-AB876219AE5E}.Release|x86.Build.0 = Release|Any CPU
		{4C85137D-508B-42A8-B34B-E5B05B15F449}.Debug|Any CPU.ActiveCfg = Debug|Any CPU
		{4C85137D-508B-42A8-B34B-E5B05B15F449}.Debug|Any CPU.Build.0 = Debug|Any CPU
		{4C85137D-508B-42A8-B34B-E5B05B15F449}.Debug|x64.ActiveCfg = Debug|Any CPU
		{4C85137D-508B-42A8-B34B-E5B05B15F449}.Debug|x64.Build.0 = Debug|Any CPU
		{4C85137D-508B-42A8-B34B-E5B05B15F449}.Debug|x86.ActiveCfg = Debug|Any CPU
		{4C85137D-508B-42A8-B34B-E5B05B15F449}.Debug|x86.Build.0 = Debug|Any CPU
		{4C85137D-508B-42A8-B34B-E5B05B15F449}.Release|Any CPU.ActiveCfg = Release|Any CPU
		{4C85137D-508B-42A8-B34B-E5B05B15F449}.Release|Any CPU.Build.0 = Release|Any CPU
		{4C85137D-508B-42A8-B34B-E5B05B15F449}.Release|x64.ActiveCfg = Release|Any CPU
		{4C85137D-508B-42A8-B34B-E5B05B15F449}.Release|x64.Build.0 = Release|Any CPU
		{4C85137D-508B-42A8-B34B-E5B05B15F449}.Release|x86.ActiveCfg = Release|Any CPU
		{4C85137D-508B-42A8-B34B-E5B05B15F449}.Release|x86.Build.0 = Release|Any CPU
	EndGlobalSection
EndGlobal
