
Microsoft Visual Studio Solution File, Format Version 12.00
# Visual Studio 15
VisualStudioVersion = 15.0.26124.0
MinimumVisualStudioVersion = 15.0.26124.0
Project("{FAE04EC0-301F-11D3-BF4B-00C04F79EFBC}") = "TST_LinkList", "TST_LinkList\TST_LinkList.csproj", "{1FB636C0-0D54-4140-AE42-619C64597575}"
EndProject
Project("{FAE04EC0-301F-11D3-BF4B-00C04F79EFBC}") = "Algo_MergeSort", "Algo_MergeSort\Algo_MergeSort.csproj", "{16797125-DFB4-4D49-8E7E-FEC5C37BEE33}"
EndProject
Project("{FAE04EC0-301F-11D3-BF4B-00C04F79EFBC}") = "Algo_InsertionSort", "Algo_InsertionSort\Algo_InsertionSort.csproj", "{EC44B6EC-953F-4704-BEB4-76E338DF6D38}"
EndProject
Project("{FAE04EC0-301F-11D3-BF4B-00C04F79EFBC}") = "Prob_TowerOfHanoi", "Prob_TowerOfHanoi\Prob_TowerOfHanoi.csproj", "{CD81CFFA-1694-4FF6-A282-26294161BA77}"
EndProject
Project("{FAE04EC0-301F-11D3-BF4B-00C04F79EFBC}") = "Prob_SubArrayWithGivenSum", "Prob_SubArrayWithGivenSum\Prob_SubArrayWithGivenSum.csproj", "{27FEBE9A-E121-4FA0-BCFD-B3CFFE55C61D}"
EndProject
Project("{FAE04EC0-301F-11D3-BF4B-00C04F79EFBC}") = "DataStructure", "DataStructure\DataStructure.csproj", "{51EC0046-6339-4011-91D4-7885BC6F2FAF}"
EndProject
Project("{FAE04EC0-301F-11D3-BF4B-00C04F79EFBC}") = "Algorithms", "Algorithms\Algorithms.csproj", "{2BB88702-53E4-420A-B256-CE25F255FAB6}"
EndProject
Project("{FAE04EC0-301F-11D3-BF4B-00C04F79EFBC}") = "Algoritmhs.Tests", "Algoritmhs.Tests\Algoritmhs.Tests.csproj", "{2E70702A-4A8C-485F-BD11-57EDB08C8C71}"
EndProject
Project("{FAE04EC0-301F-11D3-BF4B-00C04F79EFBC}") = "DataStructure.Tests", "DataStructure.Tests\DataStructure.Tests.csproj", "{1448D6C9-33BD-4A38-AF99-E10508E7A2A7}"
EndProject
Global
	GlobalSection(SolutionConfigurationPlatforms) = preSolution
		Debug|Any CPU = Debug|Any CPU
		Debug|x64 = Debug|x64
		Debug|x86 = Debug|x86
		Release|Any CPU = Release|Any CPU
		Release|x64 = Release|x64
		Release|x86 = Release|x86
	EndGlobalSection
	GlobalSection(SolutionProperties) = preSolution
		HideSolutionNode = FALSE
	EndGlobalSection
	GlobalSection(ProjectConfigurationPlatforms) = postSolution
		{1FB636C0-0D54-4140-AE42-619C64597575}.Debug|Any CPU.ActiveCfg = Debug|Any CPU
		{1FB636C0-0D54-4140-AE42-619C64597575}.Debug|Any CPU.Build.0 = Debug|Any CPU
		{1FB636C0-0D54-4140-AE42-619C64597575}.Debug|x64.ActiveCfg = Debug|Any CPU
		{1FB636C0-0D54-4140-AE42-619C64597575}.Debug|x64.Build.0 = Debug|Any CPU
		{1FB636C0-0D54-4140-AE42-619C64597575}.Debug|x86.ActiveCfg = Debug|Any CPU
		{1FB636C0-0D54-4140-AE42-619C64597575}.Debug|x86.Build.0 = Debug|Any CPU
		{1FB636C0-0D54-4140-AE42-619C64597575}.Release|Any CPU.ActiveCfg = Release|Any CPU
		{1FB636C0-0D54-4140-AE42-619C64597575}.Release|Any CPU.Build.0 = Release|Any CPU
		{1FB636C0-0D54-4140-AE42-619C64597575}.Release|x64.ActiveCfg = Release|Any CPU
		{1FB636C0-0D54-4140-AE42-619C64597575}.Release|x64.Build.0 = Release|Any CPU
		{1FB636C0-0D54-4140-AE42-619C64597575}.Release|x86.ActiveCfg = Release|Any CPU
		{1FB636C0-0D54-4140-AE42-619C64597575}.Release|x86.Build.0 = Release|Any CPU
		{16797125-DFB4-4D49-8E7E-FEC5C37BEE33}.Debug|Any CPU.ActiveCfg = Debug|Any CPU
		{16797125-DFB4-4D49-8E7E-FEC5C37BEE33}.Debug|Any CPU.Build.0 = Debug|Any CPU
		{16797125-DFB4-4D49-8E7E-FEC5C37BEE33}.Debug|x64.ActiveCfg = Debug|Any CPU
		{16797125-DFB4-4D49-8E7E-FEC5C37BEE33}.Debug|x64.Build.0 = Debug|Any CPU
		{16797125-DFB4-4D49-8E7E-FEC5C37BEE33}.Debug|x86.ActiveCfg = Debug|Any CPU
		{16797125-DFB4-4D49-8E7E-FEC5C37BEE33}.Debug|x86.Build.0 = Debug|Any CPU
		{16797125-DFB4-4D49-8E7E-FEC5C37BEE33}.Release|Any CPU.ActiveCfg = Release|Any CPU
		{16797125-DFB4-4D49-8E7E-FEC5C37BEE33}.Release|Any CPU.Build.0 = Release|Any CPU
		{16797125-DFB4-4D49-8E7E-FEC5C37BEE33}.Release|x64.ActiveCfg = Release|Any CPU
		{16797125-DFB4-4D49-8E7E-FEC5C37BEE33}.Release|x64.Build.0 = Release|Any CPU
		{16797125-DFB4-4D49-8E7E-FEC5C37BEE33}.Release|x86.ActiveCfg = Release|Any CPU
		{16797125-DFB4-4D49-8E7E-FEC5C37BEE33}.Release|x86.Build.0 = Release|Any CPU
		{EC44B6EC-953F-4704-BEB4-76E338DF6D38}.Debug|Any CPU.ActiveCfg = Debug|Any CPU
		{EC44B6EC-953F-4704-BEB4-76E338DF6D38}.Debug|Any CPU.Build.0 = Debug|Any CPU
		{EC44B6EC-953F-4704-BEB4-76E338DF6D38}.Debug|x64.ActiveCfg = Debug|Any CPU
		{EC44B6EC-953F-4704-BEB4-76E338DF6D38}.Debug|x64.Build.0 = Debug|Any CPU
		{EC44B6EC-953F-4704-BEB4-76E338DF6D38}.Debug|x86.ActiveCfg = Debug|Any CPU
		{EC44B6EC-953F-4704-BEB4-76E338DF6D38}.Debug|x86.Build.0 = Debug|Any CPU
		{EC44B6EC-953F-4704-BEB4-76E338DF6D38}.Release|Any CPU.ActiveCfg = Release|Any CPU
		{EC44B6EC-953F-4704-BEB4-76E338DF6D38}.Release|Any CPU.Build.0 = Release|Any CPU
		{EC44B6EC-953F-4704-BEB4-76E338DF6D38}.Release|x64.ActiveCfg = Release|Any CPU
		{EC44B6EC-953F-4704-BEB4-76E338DF6D38}.Release|x64.Build.0 = Release|Any CPU
		{EC44B6EC-953F-4704-BEB4-76E338DF6D38}.Release|x86.ActiveCfg = Release|Any CPU
		{EC44B6EC-953F-4704-BEB4-76E338DF6D38}.Release|x86.Build.0 = Release|Any CPU
		{CD81CFFA-1694-4FF6-A282-26294161BA77}.Debug|Any CPU.ActiveCfg = Debug|Any CPU
		{CD81CFFA-1694-4FF6-A282-26294161BA77}.Debug|Any CPU.Build.0 = Debug|Any CPU
		{CD81CFFA-1694-4FF6-A282-26294161BA77}.Debug|x64.ActiveCfg = Debug|Any CPU
		{CD81CFFA-1694-4FF6-A282-26294161BA77}.Debug|x64.Build.0 = Debug|Any CPU
		{CD81CFFA-1694-4FF6-A282-26294161BA77}.Debug|x86.ActiveCfg = Debug|Any CPU
		{CD81CFFA-1694-4FF6-A282-26294161BA77}.Debug|x86.Build.0 = Debug|Any CPU
		{CD81CFFA-1694-4FF6-A282-26294161BA77}.Release|Any CPU.ActiveCfg = Release|Any CPU
		{CD81CFFA-1694-4FF6-A282-26294161BA77}.Release|Any CPU.Build.0 = Release|Any CPU
		{CD81CFFA-1694-4FF6-A282-26294161BA77}.Release|x64.ActiveCfg = Release|Any CPU
		{CD81CFFA-1694-4FF6-A282-26294161BA77}.Release|x64.Build.0 = Release|Any CPU
		{CD81CFFA-1694-4FF6-A282-26294161BA77}.Release|x86.ActiveCfg = Release|Any CPU
		{CD81CFFA-1694-4FF6-A282-26294161BA77}.Release|x86.Build.0 = Release|Any CPU
		{27FEBE9A-E121-4FA0-BCFD-B3CFFE55C61D}.Debug|Any CPU.ActiveCfg = Debug|Any CPU
		{27FEBE9A-E121-4FA0-BCFD-B3CFFE55C61D}.Debug|Any CPU.Build.0 = Debug|Any CPU
		{27FEBE9A-E121-4FA0-BCFD-B3CFFE55C61D}.Debug|x64.ActiveCfg = Debug|Any CPU
		{27FEBE9A-E121-4FA0-BCFD-B3CFFE55C61D}.Debug|x64.Build.0 = Debug|Any CPU
		{27FEBE9A-E121-4FA0-BCFD-B3CFFE55C61D}.Debug|x86.ActiveCfg = Debug|Any CPU
		{27FEBE9A-E121-4FA0-BCFD-B3CFFE55C61D}.Debug|x86.Build.0 = Debug|Any CPU
		{27FEBE9A-E121-4FA0-BCFD-B3CFFE55C61D}.Release|Any CPU.ActiveCfg = Release|Any CPU
		{27FEBE9A-E121-4FA0-BCFD-B3CFFE55C61D}.Release|Any CPU.Build.0 = Release|Any CPU
		{27FEBE9A-E121-4FA0-BCFD-B3CFFE55C61D}.Release|x64.ActiveCfg = Release|Any CPU
		{27FEBE9A-E121-4FA0-BCFD-B3CFFE55C61D}.Release|x64.Build.0 = Release|Any CPU
		{27FEBE9A-E121-4FA0-BCFD-B3CFFE55C61D}.Release|x86.ActiveCfg = Release|Any CPU
		{27FEBE9A-E121-4FA0-BCFD-B3CFFE55C61D}.Release|x86.Build.0 = Release|Any CPU
		{51EC0046-6339-4011-91D4-7885BC6F2FAF}.Debug|Any CPU.ActiveCfg = Debug|Any CPU
		{51EC0046-6339-4011-91D4-7885BC6F2FAF}.Debug|Any CPU.Build.0 = Debug|Any CPU
		{51EC0046-6339-4011-91D4-7885BC6F2FAF}.Debug|x64.ActiveCfg = Debug|Any CPU
		{51EC0046-6339-4011-91D4-7885BC6F2FAF}.Debug|x64.Build.0 = Debug|Any CPU
		{51EC0046-6339-4011-91D4-7885BC6F2FAF}.Debug|x86.ActiveCfg = Debug|Any CPU
		{51EC0046-6339-4011-91D4-7885BC6F2FAF}.Debug|x86.Build.0 = Debug|Any CPU
		{51EC0046-6339-4011-91D4-7885BC6F2FAF}.Release|Any CPU.ActiveCfg = Release|Any CPU
		{51EC0046-6339-4011-91D4-7885BC6F2FAF}.Release|Any CPU.Build.0 = Release|Any CPU
		{51EC0046-6339-4011-91D4-7885BC6F2FAF}.Release|x64.ActiveCfg = Release|Any CPU
		{51EC0046-6339-4011-91D4-7885BC6F2FAF}.Release|x64.Build.0 = Release|Any CPU
		{51EC0046-6339-4011-91D4-7885BC6F2FAF}.Release|x86.ActiveCfg = Release|Any CPU
		{51EC0046-6339-4011-91D4-7885BC6F2FAF}.Release|x86.Build.0 = Release|Any CPU
		{2BB88702-53E4-420A-B256-CE25F255FAB6}.Debug|Any CPU.ActiveCfg = Debug|Any CPU
		{2BB88702-53E4-420A-B256-CE25F255FAB6}.Debug|Any CPU.Build.0 = Debug|Any CPU
		{2BB88702-53E4-420A-B256-CE25F255FAB6}.Debug|x64.ActiveCfg = Debug|Any CPU
		{2BB88702-53E4-420A-B256-CE25F255FAB6}.Debug|x64.Build.0 = Debug|Any CPU
		{2BB88702-53E4-420A-B256-CE25F255FAB6}.Debug|x86.ActiveCfg = Debug|Any CPU
		{2BB88702-53E4-420A-B256-CE25F255FAB6}.Debug|x86.Build.0 = Debug|Any CPU
		{2BB88702-53E4-420A-B256-CE25F255FAB6}.Release|Any CPU.ActiveCfg = Release|Any CPU
		{2BB88702-53E4-420A-B256-CE25F255FAB6}.Release|Any CPU.Build.0 = Release|Any CPU
		{2BB88702-53E4-420A-B256-CE25F255FAB6}.Release|x64.ActiveCfg = Release|Any CPU
		{2BB88702-53E4-420A-B256-CE25F255FAB6}.Release|x64.Build.0 = Release|Any CPU
		{2BB88702-53E4-420A-B256-CE25F255FAB6}.Release|x86.ActiveCfg = Release|Any CPU
		{2BB88702-53E4-420A-B256-CE25F255FAB6}.Release|x86.Build.0 = Release|Any CPU
		{2E70702A-4A8C-485F-BD11-57EDB08C8C71}.Debug|Any CPU.ActiveCfg = Debug|Any CPU
		{2E70702A-4A8C-485F-BD11-57EDB08C8C71}.Debug|Any CPU.Build.0 = Debug|Any CPU
		{2E70702A-4A8C-485F-BD11-57EDB08C8C71}.Debug|x64.ActiveCfg = Debug|Any CPU
		{2E70702A-4A8C-485F-BD11-57EDB08C8C71}.Debug|x64.Build.0 = Debug|Any CPU
		{2E70702A-4A8C-485F-BD11-57EDB08C8C71}.Debug|x86.ActiveCfg = Debug|Any CPU
		{2E70702A-4A8C-485F-BD11-57EDB08C8C71}.Debug|x86.Build.0 = Debug|Any CPU
		{2E70702A-4A8C-485F-BD11-57EDB08C8C71}.Release|Any CPU.ActiveCfg = Release|Any CPU
		{2E70702A-4A8C-485F-BD11-57EDB08C8C71}.Release|Any CPU.Build.0 = Release|Any CPU
		{2E70702A-4A8C-485F-BD11-57EDB08C8C71}.Release|x64.ActiveCfg = Release|Any CPU
		{2E70702A-4A8C-485F-BD11-57EDB08C8C71}.Release|x64.Build.0 = Release|Any CPU
		{2E70702A-4A8C-485F-BD11-57EDB08C8C71}.Release|x86.ActiveCfg = Release|Any CPU
		{2E70702A-4A8C-485F-BD11-57EDB08C8C71}.Release|x86.Build.0 = Release|Any CPU
		{1448D6C9-33BD-4A38-AF99-E10508E7A2A7}.Debug|Any CPU.ActiveCfg = Debug|Any CPU
		{1448D6C9-33BD-4A38-AF99-E10508E7A2A7}.Debug|Any CPU.Build.0 = Debug|Any CPU
		{1448D6C9-33BD-4A38-AF99-E10508E7A2A7}.Debug|x64.ActiveCfg = Debug|Any CPU
		{1448D6C9-33BD-4A38-AF99-E10508E7A2A7}.Debug|x64.Build.0 = Debug|Any CPU
		{1448D6C9-33BD-4A38-AF99-E10508E7A2A7}.Debug|x86.ActiveCfg = Debug|Any CPU
		{1448D6C9-33BD-4A38-AF99-E10508E7A2A7}.Debug|x86.Build.0 = Debug|Any CPU
		{1448D6C9-33BD-4A38-AF99-E10508E7A2A7}.Release|Any CPU.ActiveCfg = Release|Any CPU
		{1448D6C9-33BD-4A38-AF99-E10508E7A2A7}.Release|Any CPU.Build.0 = Release|Any CPU
		{1448D6C9-33BD-4A38-AF99-E10508E7A2A7}.Release|x64.ActiveCfg = Release|Any CPU
		{1448D6C9-33BD-4A38-AF99-E10508E7A2A7}.Release|x64.Build.0 = Release|Any CPU
		{1448D6C9-33BD-4A38-AF99-E10508E7A2A7}.Release|x86.ActiveCfg = Release|Any CPU
		{1448D6C9-33BD-4A38-AF99-E10508E7A2A7}.Release|x86.Build.0 = Release|Any CPU
	EndGlobalSection
EndGlobal
