
Microsoft Visual Studio Solution File, Format Version 12.00
# Visual Studio Version 16
VisualStudioVersion = 16.0.30523.141
MinimumVisualStudioVersion = 10.0.40219.1
Project("{2150E333-8FDC-42A3-9474-1A3956D46DE8}") = "Algorithms", "Algorithms", "{699D544E-0F44-4C12-9008-758A1C495041}"
EndProject
Project("{2150E333-8FDC-42A3-9474-1A3956D46DE8}") = "DataStructures", "DataStructures", "{FA758BBA-F4B2-4B52-BA42-58E86B6D3E53}"
EndProject
Project("{2150E333-8FDC-42A3-9474-1A3956D46DE8}") = "Problems", "Problems", "{8B162E1A-53FE-47E1-82C8-C8648C7BA018}"
EndProject
Project("{2150E333-8FDC-42A3-9474-1A3956D46DE8}") = "SubArray_With_Given_Sum", "SubArray_With_Given_Sum", "{7EA65615-0D2C-4169-B097-ADF955BE925F}"
EndProject
Project("{FAE04EC0-301F-11D3-BF4B-00C04F79EFBC}") = "Problem_SubArrayWithGivenSum", "Problem_SubArrayWithGivenSum\Problem_SubArrayWithGivenSum.csproj", "{78AE0005-B4FE-4F88-9F80-C5B773074ADE}"
EndProject
Global
	GlobalSection(SolutionConfigurationPlatforms) = preSolution
		Debug|Any CPU = Debug|Any CPU
		Release|Any CPU = Release|Any CPU
	EndGlobalSection
	GlobalSection(ProjectConfigurationPlatforms) = postSolution
		{78AE0005-B4FE-4F88-9F80-C5B773074ADE}.Debug|Any CPU.ActiveCfg = Debug|Any CPU
		{78AE0005-B4FE-4F88-9F80-C5B773074ADE}.Debug|Any CPU.Build.0 = Debug|Any CPU
		{78AE0005-B4FE-4F88-9F80-C5B773074ADE}.Release|Any CPU.ActiveCfg = Release|Any CPU
		{78AE0005-B4FE-4F88-9F80-C5B773074ADE}.Release|Any CPU.Build.0 = Release|Any CPU
	EndGlobalSection
	GlobalSection(SolutionProperties) = preSolution
		HideSolutionNode = FALSE
	EndGlobalSection
	GlobalSection(NestedProjects) = preSolution
		{7EA65615-0D2C-4169-B097-ADF955BE925F} = {8B162E1A-53FE-47E1-82C8-C8648C7BA018}
		{78AE0005-B4FE-4F88-9F80-C5B773074ADE} = {7EA65615-0D2C-4169-B097-ADF955BE925F}
	EndGlobalSection
	GlobalSection(ExtensibilityGlobals) = postSolution
		SolutionGuid = {69037E33-B44A-459B-A739-9C84218B6F63}
	EndGlobalSection
EndGlobal
